
Microsoft Visual Studio Solution File, Format Version 12.00
# Visual Studio Version 16
VisualStudioVersion = 16.0.32002.261
MinimumVisualStudioVersion = 10.0.40219.1
Project("{FAE04EC0-301F-11D3-BF4B-00C04F79EFBC}") = "ZPC.Phone", "ZPC.Phone\ZPC.Phone.csproj", "{55D35B8D-83D2-4E5E-A996-41E4D6EE5893}"
EndProject
Global
	GlobalSection(SolutionConfigurationPlatforms) = preSolution
		Debug|Any CPU = Debug|Any CPU
		Release|Any CPU = Release|Any CPU
	EndGlobalSection
	GlobalSection(ProjectConfigurationPlatforms) = postSolution
		{55D35B8D-83D2-4E5E-A996-41E4D6EE5893}.Debug|Any CPU.ActiveCfg = Debug|Any CPU
		{55D35B8D-83D2-4E5E-A996-41E4D6EE5893}.Debug|Any CPU.Build.0 = Debug|Any CPU
		{55D35B8D-83D2-4E5E-A996-41E4D6EE5893}.Release|Any CPU.ActiveCfg = Release|Any CPU
		{55D35B8D-83D2-4E5E-A996-41E4D6EE5893}.Release|Any CPU.Build.0 = Release|Any CPU
	EndGlobalSection
	GlobalSection(SolutionProperties) = preSolution
		HideSolutionNode = FALSE
	EndGlobalSection
	GlobalSection(ExtensibilityGlobals) = postSolution
		SolutionGuid = {195849F9-BA45-4D44-A5E1-676DF0AE3C59}
	EndGlobalSection
EndGlobal
